<?xml version="1.0" encoding="utf-8"?>
<Project ToolsVersion="4.0" xmlns="http://schemas.microsoft.com/developer/msbuild/2003">
  <ItemGroup>
    <Filter Include="Source Files">
      <UniqueIdentifier>{55c909fe-c628-4234-8683-2062348b845c}</UniqueIdentifier>
      <Extensions>cpp;c;cxx;def;odl;idl;hpj;bat;asm;asmx</Extensions>
    </Filter>
    <Filter Include="Header Files">
      <UniqueIdentifier>{359bb19f-14dd-4472-91f3-a30ca95debcb}</UniqueIdentifier>
      <Extensions>h;hpp;hxx;hm;inl;inc;xsd</Extensions>
    </Filter>
  </ItemGroup>
  <ItemGroup>
    <ClCompile Include="anim.cpp">
      <Filter>Source Files</Filter>
    </ClCompile>
    <ClCompile Include="animTcl.cpp">
      <Filter>Source Files</Filter>
    </ClCompile>
    <ClCompile Include="BaseObject.cpp">
      <Filter>Source Files</Filter>
    </ClCompile>
    <ClCompile Include="BaseSimulator.cpp">
      <Filter>Source Files</Filter>
    </ClCompile>
    <ClCompile Include="GlobalResourceManager.cpp">
      <Filter>Source Files</Filter>
    </ClCompile>
    <ClCompile Include="myScene.cpp">
      <Filter>Source Files</Filter>
    </ClCompile>
    <ClCompile Include="ResourceManager.cpp">
      <Filter>Source Files</Filter>
    </ClCompile>
    <ClCompile Include="SampleGravitySimulator.cpp">
      <Filter>Source Files</Filter>
    </ClCompile>
    <ClCompile Include="SampleParticle.cpp">
      <Filter>Source Files</Filter>
    </ClCompile>
    <ClCompile Include="BaseSystem.cpp">
      <Filter>Header Files</Filter>
    </ClCompile>
    <ClCompile Include="Orbit.cpp">
      <Filter>Source Files</Filter>
    </ClCompile>
    <ClCompile Include="Oscillation.cpp">
      <Filter>Source Files</Filter>
    </ClCompile>
    <ClCompile Include="Dots.cpp">
      <Filter>Source Files</Filter>
    </ClCompile>
    <ClCompile Include="tankPath.cpp">
      <Filter>Source Files</Filter>
    </ClCompile>
    <ClCompile Include="followPathSim.cpp">
      <Filter>Source Files</Filter>
    </ClCompile>
    <ClCompile Include="missilePath.cpp">
      <Filter>Source Files</Filter>
    </ClCompile>
    <ClCompile Include="hitPath.cpp">
      <Filter>Source Files</Filter>
    </ClCompile>
    <ClCompile Include="Hermite.cpp">
      <Filter>Source Files</Filter>
    </ClCompile>
  </ItemGroup>
  <ItemGroup>
    <ClInclude Include="BaseSystem.h">
      <Filter>Source Files</Filter>
    </ClInclude>
    <ClInclude Include="anim.h">
      <Filter>Header Files</Filter>
    </ClInclude>
    <ClInclude Include="animTcl.h">
      <Filter>Header Files</Filter>
    </ClInclude>
    <ClInclude Include="BaseObject.h">
      <Filter>Header Files</Filter>
    </ClInclude>
    <ClInclude Include="BaseSimulator.h">
      <Filter>Header Files</Filter>
    </ClInclude>
    <ClInclude Include="GlobalResourceManager.h">
      <Filter>Header Files</Filter>
    </ClInclude>
    <ClInclude Include="myScene.h">
      <Filter>Header Files</Filter>
    </ClInclude>
    <ClInclude Include="ResourceManager.h">
      <Filter>Header Files</Filter>
    </ClInclude>
    <ClInclude Include="SampleGravitySimulator.h">
      <Filter>Header Files</Filter>
    </ClInclude>
    <ClInclude Include="SampleParticle.h">
      <Filter>Header Files</Filter>
    </ClInclude>
    <ClInclude Include="Orbit.h">
      <Filter>Header Files</Filter>
    </ClInclude>
    <ClInclude Include="Oscillation.h">
      <Filter>Header Files</Filter>
    </ClInclude>
    <ClInclude Include="Dots.h">
      <Filter>Header Files</Filter>
    </ClInclude>
    <ClInclude Include="tankPath.h">
      <Filter>Header Files</Filter>
    </ClInclude>
    <ClInclude Include="followPathSim.h">
      <Filter>Header Files</Filter>
    </ClInclude>
    <ClInclude Include="missilePath.h">
      <Filter>Header Files</Filter>
    </ClInclude>
    <ClInclude Include="hitPath.h">
      <Filter>Header Files</Filter>
    </ClInclude>
    <ClInclude Include="Hermite.h">
      <Filter>Header Files</Filter>
    </ClInclude>
  </ItemGroup>
</Project>